
Microsoft Visual Studio Solution File, Format Version 12.00
# Visual Studio Version 17
VisualStudioVersion = 17.0.31903.59
MinimumVisualStudioVersion = 10.0.40219.1
Project("{FAE04EC0-301F-11D3-BF4B-00C04F79EFBC}") = "HaleyHelpersIdentity", "HaleyHelpersIdentity\HaleyHelpersIdentity.csproj", "{A2D2AB1B-5D16-4084-A332-4632F98D60F2}"
EndProject
Project("{FAE04EC0-301F-11D3-BF4B-00C04F79EFBC}") = "HaleyHelpersIdentity.Server", "HaleyHelpersIdentity.Server\HaleyHelpersIdentity.Server.csproj", "{43E2F490-994C-488D-A7C2-586F8F2B21A6}"
EndProject
Project("{FAE04EC0-301F-11D3-BF4B-00C04F79EFBC}") = "HaleyHelpersIdentity.Tests", "HaleyHelpersIdentity.Tests\HaleyHelpersIdentity.Tests.csproj", "{D74D9B77-9027-4E94-B608-70D933B09CC3}"
EndProject
Project("{FAE04EC0-301F-11D3-BF4B-00C04F79EFBC}") = "HaleyIdentityHost", "HaleyIdentityHost\HaleyIdentityHost.csproj", "{27049B75-157F-4134-BB5A-035B818B70EF}"
EndProject
Global
	GlobalSection(SolutionConfigurationPlatforms) = preSolution
		Debug|Any CPU = Debug|Any CPU
		Debug|x64 = Debug|x64
		Debug|x86 = Debug|x86
		Release|Any CPU = Release|Any CPU
		Release|x64 = Release|x64
		Release|x86 = Release|x86
	EndGlobalSection
	GlobalSection(ProjectConfigurationPlatforms) = postSolution
		{A2D2AB1B-5D16-4084-A332-4632F98D60F2}.Debug|Any CPU.ActiveCfg = Debug|Any CPU
		{A2D2AB1B-5D16-4084-A332-4632F98D60F2}.Debug|Any CPU.Build.0 = Debug|Any CPU
		{A2D2AB1B-5D16-4084-A332-4632F98D60F2}.Debug|x64.ActiveCfg = Debug|Any CPU
		{A2D2AB1B-5D16-4084-A332-4632F98D60F2}.Debug|x64.Build.0 = Debug|Any CPU
		{A2D2AB1B-5D16-4084-A332-4632F98D60F2}.Debug|x86.ActiveCfg = Debug|Any CPU
		{A2D2AB1B-5D16-4084-A332-4632F98D60F2}.Debug|x86.Build.0 = Debug|Any CPU
		{A2D2AB1B-5D16-4084-A332-4632F98D60F2}.Release|Any CPU.ActiveCfg = Release|Any CPU
		{A2D2AB1B-5D16-4084-A332-4632F98D60F2}.Release|Any CPU.Build.0 = Release|Any CPU
		{A2D2AB1B-5D16-4084-A332-4632F98D60F2}.Release|x64.ActiveCfg = Release|Any CPU
		{A2D2AB1B-5D16-4084-A332-4632F98D60F2}.Release|x64.Build.0 = Release|Any CPU
		{A2D2AB1B-5D16-4084-A332-4632F98D60F2}.Release|x86.ActiveCfg = Release|Any CPU
		{A2D2AB1B-5D16-4084-A332-4632F98D60F2}.Release|x86.Build.0 = Release|Any CPU
		{43E2F490-994C-488D-A7C2-586F8F2B21A6}.Debug|Any CPU.ActiveCfg = Debug|Any CPU
		{43E2F490-994C-488D-A7C2-586F8F2B21A6}.Debug|Any CPU.Build.0 = Debug|Any CPU
		{43E2F490-994C-488D-A7C2-586F8F2B21A6}.Debug|x64.ActiveCfg = Debug|Any CPU
		{43E2F490-994C-488D-A7C2-586F8F2B21A6}.Debug|x64.Build.0 = Debug|Any CPU
		{43E2F490-994C-488D-A7C2-586F8F2B21A6}.Debug|x86.ActiveCfg = Debug|Any CPU
		{43E2F490-994C-488D-A7C2-586F8F2B21A6}.Debug|x86.Build.0 = Debug|Any CPU
		{43E2F490-994C-488D-A7C2-586F8F2B21A6}.Release|Any CPU.ActiveCfg = Release|Any CPU
		{43E2F490-994C-488D-A7C2-586F8F2B21A6}.Release|Any CPU.Build.0 = Release|Any CPU
		{43E2F490-994C-488D-A7C2-586F8F2B21A6}.Release|x64.ActiveCfg = Release|Any CPU
		{43E2F490-994C-488D-A7C2-586F8F2B21A6}.Release|x64.Build.0 = Release|Any CPU
		{43E2F490-994C-488D-A7C2-586F8F2B21A6}.Release|x86.ActiveCfg = Release|Any CPU
		{43E2F490-994C-488D-A7C2-586F8F2B21A6}.Release|x86.Build.0 = Release|Any CPU
		{D74D9B77-9027-4E94-B608-70D933B09CC3}.Debug|Any CPU.ActiveCfg = Debug|Any CPU
		{D74D9B77-9027-4E94-B608-70D933B09CC3}.Debug|Any CPU.Build.0 = Debug|Any CPU
		{D74D9B77-9027-4E94-B608-70D933B09CC3}.Debug|x64.ActiveCfg = Debug|Any CPU
		{D74D9B77-9027-4E94-B608-70D933B09CC3}.Debug|x64.Build.0 = Debug|Any CPU
		{D74D9B77-9027-4E94-B608-70D933B09CC3}.Debug|x86.ActiveCfg = Debug|Any CPU
		{D74D9B77-9027-4E94-B608-70D933B09CC3}.Debug|x86.Build.0 = Debug|Any CPU
		{D74D9B77-9027-4E94-B608-70D933B09CC3}.Release|Any CPU.ActiveCfg = Release|Any CPU
		{D74D9B77-9027-4E94-B608-70D933B09CC3}.Release|Any CPU.Build.0 = Release|Any CPU
		{D74D9B77-9027-4E94-B608-70D933B09CC3}.Release|x64.ActiveCfg = Release|Any CPU
		{D74D9B77-9027-4E94-B608-70D933B09CC3}.Release|x64.Build.0 = Release|Any CPU
		{D74D9B77-9027-4E94-B608-70D933B09CC3}.Release|x86.ActiveCfg = Release|Any CPU
		{D74D9B77-9027-4E94-B608-70D933B09CC3}.Release|x86.Build.0 = Release|Any CPU
		{27049B75-157F-4134-BB5A-035B818B70EF}.Debug|Any CPU.ActiveCfg = Debug|Any CPU
		{27049B75-157F-4134-BB5A-035B818B70EF}.Debug|Any CPU.Build.0 = Debug|Any CPU
		{27049B75-157F-4134-BB5A-035B818B70EF}.Debug|x64.ActiveCfg = Debug|Any CPU
		{27049B75-157F-4134-BB5A-035B818B70EF}.Debug|x64.Build.0 = Debug|Any CPU
		{27049B75-157F-4134-BB5A-035B818B70EF}.Debug|x86.ActiveCfg = Debug|Any CPU
		{27049B75-157F-4134-BB5A-035B818B70EF}.Debug|x86.Build.0 = Debug|Any CPU
		{27049B75-157F-4134-BB5A-035B818B70EF}.Release|Any CPU.ActiveCfg = Release|Any CPU
		{27049B75-157F-4134-BB5A-035B818B70EF}.Release|Any CPU.Build.0 = Release|Any CPU
		{27049B75-157F-4134-BB5A-035B818B70EF}.Release|x64.ActiveCfg = Release|Any CPU
		{27049B75-157F-4134-BB5A-035B818B70EF}.Release|x64.Build.0 = Release|Any CPU
		{27049B75-157F-4134-BB5A-035B818B70EF}.Release|x86.ActiveCfg = Release|Any CPU
		{27049B75-157F-4134-BB5A-035B818B70EF}.Release|x86.Build.0 = Release|Any CPU
	EndGlobalSection
	GlobalSection(SolutionProperties) = preSolution
		HideSolutionNode = FALSE
	EndGlobalSection
EndGlobal
